
Microsoft Visual Studio Solution File, Format Version 12.00
# Visual Studio Version 17
VisualStudioVersion = 17.5.33502.453
MinimumVisualStudioVersion = 10.0.40219.1
Project("{8BC9CEB8-8B4A-11D0-8D11-00A0C91BC942}") = "StaticFunction_202", "StaticFunction_202\StaticFunction_202.vcxproj", "{D22A2968-2466-4BFC-88ED-81FEBEFD81D3}"
EndProject
Project("{8BC9CEB8-8B4A-11D0-8D11-00A0C91BC942}") = "StaticFunction2_202", "StaticFunction2_202\StaticFunction2_202.vcxproj", "{2060AFE9-461C-4D01-BA9F-955114EDAAE1}"
EndProject
Project("{8BC9CEB8-8B4A-11D0-8D11-00A0C91BC942}") = "ChainFuntion_202", "ChainFuntion_202\ChainFuntion_202.vcxproj", "{4839233D-D41F-400C-95BC-27EB68F9295F}"
EndProject
Project("{8BC9CEB8-8B4A-11D0-8D11-00A0C91BC942}") = "Destruktor_202", "Destruktor_202\Destruktor_202.vcxproj", "{EB3D1DE4-AB43-46AF-8F13-6E08FF4B857B}"
EndProject
Project("{8BC9CEB8-8B4A-11D0-8D11-00A0C91BC942}") = "Konstructor_202", "Konstructor_202\Konstructor_202.vcxproj", "{AA5E259E-1897-4221-B6BE-6BA762DECC77}"
EndProject
Project("{8BC9CEB8-8B4A-11D0-8D11-00A0C91BC942}") = "Mbrstaticfuction_202", "Mbrstaticfuction_202\Mbrstaticfuction_202.vcxproj", "{F6726B54-C1C3-476C-8C67-BFA9C7B629A0}"
EndProject
Global
	GlobalSection(SolutionConfigurationPlatforms) = preSolution
		Debug|x64 = Debug|x64
		Debug|x86 = Debug|x86
		Release|x64 = Release|x64
		Release|x86 = Release|x86
	EndGlobalSection
	GlobalSection(ProjectConfigurationPlatforms) = postSolution
		{D22A2968-2466-4BFC-88ED-81FEBEFD81D3}.Debug|x64.ActiveCfg = Debug|x64
		{D22A2968-2466-4BFC-88ED-81FEBEFD81D3}.Debug|x64.Build.0 = Debug|x64
		{D22A2968-2466-4BFC-88ED-81FEBEFD81D3}.Debug|x86.ActiveCfg = Debug|Win32
		{D22A2968-2466-4BFC-88ED-81FEBEFD81D3}.Debug|x86.Build.0 = Debug|Win32
		{D22A2968-2466-4BFC-88ED-81FEBEFD81D3}.Release|x64.ActiveCfg = Release|x64
		{D22A2968-2466-4BFC-88ED-81FEBEFD81D3}.Release|x64.Build.0 = Release|x64
		{D22A2968-2466-4BFC-88ED-81FEBEFD81D3}.Release|x86.ActiveCfg = Release|Win32
		{D22A2968-2466-4BFC-88ED-81FEBEFD81D3}.Release|x86.Build.0 = Release|Win32
		{2060AFE9-461C-4D01-BA9F-955114EDAAE1}.Debug|x64.ActiveCfg = Debug|x64
		{2060AFE9-461C-4D01-BA9F-955114EDAAE1}.Debug|x64.Build.0 = Debug|x64
		{2060AFE9-461C-4D01-BA9F-955114EDAAE1}.Debug|x86.ActiveCfg = Debug|Win32
		{2060AFE9-461C-4D01-BA9F-955114EDAAE1}.Debug|x86.Build.0 = Debug|Win32
		{2060AFE9-461C-4D01-BA9F-955114EDAAE1}.Release|x64.ActiveCfg = Release|x64
		{2060AFE9-461C-4D01-BA9F-955114EDAAE1}.Release|x64.Build.0 = Release|x64
		{2060AFE9-461C-4D01-BA9F-955114EDAAE1}.Release|x86.ActiveCfg = Release|Win32
		{2060AFE9-461C-4D01-BA9F-955114EDAAE1}.Release|x86.Build.0 = Release|Win32
		{4839233D-D41F-400C-95BC-27EB68F9295F}.Debug|x64.ActiveCfg = Debug|x64
		{4839233D-D41F-400C-95BC-27EB68F9295F}.Debug|x64.Build.0 = Debug|x64
		{4839233D-D41F-400C-95BC-27EB68F9295F}.Debug|x86.ActiveCfg = Debug|Win32
		{4839233D-D41F-400C-95BC-27EB68F9295F}.Debug|x86.Build.0 = Debug|Win32
		{4839233D-D41F-400C-95BC-27EB68F9295F}.Release|x64.ActiveCfg = Release|x64
		{4839233D-D41F-400C-95BC-27EB68F9295F}.Release|x64.Build.0 = Release|x64
		{4839233D-D41F-400C-95BC-27EB68F9295F}.Release|x86.ActiveCfg = Release|Win32
		{4839233D-D41F-400C-95BC-27EB68F9295F}.Release|x86.Build.0 = Release|Win32
		{EB3D1DE4-AB43-46AF-8F13-6E08FF4B857B}.Debug|x64.ActiveCfg = Debug|x64
		{EB3D1DE4-AB43-46AF-8F13-6E08FF4B857B}.Debug|x64.Build.0 = Debug|x64
		{EB3D1DE4-AB43-46AF-8F13-6E08FF4B857B}.Debug|x86.ActiveCfg = Debug|Win32
		{EB3D1DE4-AB43-46AF-8F13-6E08FF4B857B}.Debug|x86.Build.0 = Debug|Win32
		{EB3D1DE4-AB43-46AF-8F13-6E08FF4B857B}.Release|x64.ActiveCfg = Release|x64
		{EB3D1DE4-AB43-46AF-8F13-6E08FF4B857B}.Release|x64.Build.0 = Release|x64
		{EB3D1DE4-AB43-46AF-8F13-6E08FF4B857B}.Release|x86.ActiveCfg = Release|Win32
		{EB3D1DE4-AB43-46AF-8F13-6E08FF4B857B}.Release|x86.Build.0 = Release|Win32
		{AA5E259E-1897-4221-B6BE-6BA762DECC77}.Debug|x64.ActiveCfg = Debug|x64
		{AA5E259E-1897-4221-B6BE-6BA762DECC77}.Debug|x64.Build.0 = Debug|x64
		{AA5E259E-1897-4221-B6BE-6BA762DECC77}.Debug|x86.ActiveCfg = Debug|Win32
		{AA5E259E-1897-4221-B6BE-6BA762DECC77}.Debug|x86.Build.0 = Debug|Win32
		{AA5E259E-1897-4221-B6BE-6BA762DECC77}.Release|x64.ActiveCfg = Release|x64
		{AA5E259E-1897-4221-B6BE-6BA762DECC77}.Release|x64.Build.0 = Release|x64
		{AA5E259E-1897-4221-B6BE-6BA762DECC77}.Release|x86.ActiveCfg = Release|Win32
		{AA5E259E-1897-4221-B6BE-6BA762DECC77}.Release|x86.Build.0 = Release|Win32
		{F6726B54-C1C3-476C-8C67-BFA9C7B629A0}.Debug|x64.ActiveCfg = Debug|x64
		{F6726B54-C1C3-476C-8C67-BFA9C7B629A0}.Debug|x64.Build.0 = Debug|x64
		{F6726B54-C1C3-476C-8C67-BFA9C7B629A0}.Debug|x86.ActiveCfg = Debug|Win32
		{F6726B54-C1C3-476C-8C67-BFA9C7B629A0}.Debug|x86.Build.0 = Debug|Win32
		{F6726B54-C1C3-476C-8C67-BFA9C7B629A0}.Release|x64.ActiveCfg = Release|x64
		{F6726B54-C1C3-476C-8C67-BFA9C7B629A0}.Release|x64.Build.0 = Release|x64
		{F6726B54-C1C3-476C-8C67-BFA9C7B629A0}.Release|x86.ActiveCfg = Release|Win32
		{F6726B54-C1C3-476C-8C67-BFA9C7B629A0}.Release|x86.Build.0 = Release|Win32
	EndGlobalSection
	GlobalSection(SolutionProperties) = preSolution
		HideSolutionNode = FALSE
	EndGlobalSection
	GlobalSection(ExtensibilityGlobals) = postSolution
		SolutionGuid = {A9DA4B2A-6926-4360-BB50-E414D2C5B0D5}
	EndGlobalSection
EndGlobal
